// !$*UTF8*$!
{
	archiveVersion = 1;
	classes = {
	};
	objectVersion = 55;
	objects = {

/* Begin PBXBuildFile section */
		6C20B2F227B9EB990063F639 /* AppDelegate.swift in Sources */ = {isa = PBXBuildFile; fileRef = 6C20B2F127B9EB990063F639 /* AppDelegate.swift */; };
		6C20B2F427B9EB990063F639 /* SceneDelegate.swift in Sources */ = {isa = PBXBuildFile; fileRef = 6C20B2F327B9EB990063F639 /* SceneDelegate.swift */; };
		6C20B2F627B9EB990063F639 /* ViewController.swift in Sources */ = {isa = PBXBuildFile; fileRef = 6C20B2F527B9EB990063F639 /* ViewController.swift */; };
		6C20B2F927B9EB990063F639 /* Main.storyboard in Resources */ = {isa = PBXBuildFile; fileRef = 6C20B2F727B9EB990063F639 /* Main.storyboard */; };
		6C20B2FB27B9EB9A0063F639 /* Assets.xcassets in Resources */ = {isa = PBXBuildFile; fileRef = 6C20B2FA27B9EB9A0063F639 /* Assets.xcassets */; };
		6C20B2FE27B9EB9A0063F639 /* LaunchScreen.storyboard in Resources */ = {isa = PBXBuildFile; fileRef = 6C20B2FC27B9EB9A0063F639 /* LaunchScreen.storyboard */; };
		6C73FB2127BCCABF00DA8D21 /* Demo Images in Resources */ = {isa = PBXBuildFile; fileRef = 6C73FB2027BCCABF00DA8D21 /* Demo Images */; };
		6CC3AA8F27BB4926003B3236 /* GreyViewController.swift in Sources */ = {isa = PBXBuildFile; fileRef = 6CC3AA8E27BB4926003B3236 /* GreyViewController.swift */; };
		6CF5FF7C27BB8ECF0002EEF6 /* TintViewController.swift in Sources */ = {isa = PBXBuildFile; fileRef = 6CF5FF7B27BB8ECF0002EEF6 /* TintViewController.swift */; };
/* End PBXBuildFile section */

/* Begin PBXFileReference section */
		6C20B2EE27B9EB990063F639 /* PhotoFrame.app */ = {isa = PBXFileReference; explicitFileType = wrapper.application; includeInIndex = 0; path = PhotoFrame.app; sourceTree = BUILT_PRODUCTS_DIR; };
		6C20B2F127B9EB990063F639 /* AppDelegate.swift */ = {isa = PBXFileReference; lastKnownFileType = sourcecode.swift; path = AppDelegate.swift; sourceTree = "<group>"; };
		6C20B2F327B9EB990063F639 /* SceneDelegate.swift */ = {isa = PBXFileReference; lastKnownFileType = sourcecode.swift; path = SceneDelegate.swift; sourceTree = "<group>"; };
		6C20B2F527B9EB990063F639 /* ViewController.swift */ = {isa = PBXFileReference; lastKnownFileType = sourcecode.swift; path = ViewController.swift; sourceTree = "<group>"; };
		6C20B2F827B9EB990063F639 /* Base */ = {isa = PBXFileReference; lastKnownFileType = file.storyboard; name = Base; path = Base.lproj/Main.storyboard; sourceTree = "<group>"; };
		6C20B2FA27B9EB9A0063F639 /* Assets.xcassets */ = {isa = PBXFileReference; lastKnownFileType = folder.assetcatalog; path = Assets.xcassets; sourceTree = "<group>"; };
		6C20B2FD27B9EB9A0063F639 /* Base */ = {isa = PBXFileReference; lastKnownFileType = file.storyboard; name = Base; path = Base.lproj/LaunchScreen.storyboard; sourceTree = "<group>"; };
		6C20B2FF27B9EB9A0063F639 /* Info.plist */ = {isa = PBXFileReference; lastKnownFileType = text.plist.xml; path = Info.plist; sourceTree = "<group>"; };
		6C73FB2027BCCABF00DA8D21 /* Demo Images */ = {isa = PBXFileReference; lastKnownFileType = folder; path = "Demo Images"; sourceTree = "<group>"; };
		6CC3AA8E27BB4926003B3236 /* GreyViewController.swift */ = {isa = PBXFileReference; lastKnownFileType = sourcecode.swift; path = GreyViewController.swift; sourceTree = "<group>"; };
		6CF5FF7B27BB8ECF0002EEF6 /* TintViewController.swift */ = {isa = PBXFileReference; lastKnownFileType = sourcecode.swift; path = TintViewController.swift; sourceTree = "<group>"; };
/* End PBXFileReference section */

/* Begin PBXFrameworksBuildPhase section */
		6C20B2EB27B9EB990063F639 /* Frameworks */ = {
			isa = PBXFrameworksBuildPhase;
			buildActionMask = 2147483647;
			files = (
			);
			runOnlyForDeploymentPostprocessing = 0;
		};
/* End PBXFrameworksBuildPhase section */

/* Begin PBXGroup section */
		6C20B2E527B9EB990063F639 = {
			isa = PBXGroup;
			children = (
				6C20B2F027B9EB990063F639 /* PhotoFrame */,
				6C20B2EF27B9EB990063F639 /* Products */,
			);
			sourceTree = "<group>";
		};
		6C20B2EF27B9EB990063F639 /* Products */ = {
			isa = PBXGroup;
			children = (
				6C20B2EE27B9EB990063F639 /* PhotoFrame.app */,
			);
			name = Products;
			sourceTree = "<group>";
		};
		6C20B2F027B9EB990063F639 /* PhotoFrame */ = {
			isa = PBXGroup;
			children = (
				6CC3AA8E27BB4926003B3236 /* GreyViewController.swift */,
				6C20B2F127B9EB990063F639 /* AppDelegate.swift */,
				6C20B2F327B9EB990063F639 /* SceneDelegate.swift */,
				6C20B2F527B9EB990063F639 /* ViewController.swift */,
				6C20B2F727B9EB990063F639 /* Main.storyboard */,
				6CF5FF7B27BB8ECF0002EEF6 /* TintViewController.swift */,
				6C20B2FA27B9EB9A0063F639 /* Assets.xcassets */,
				6C20B2FC27B9EB9A0063F639 /* LaunchScreen.storyboard */,
				6C20B2FF27B9EB9A0063F639 /* Info.plist */,
				6C73FB2027BCCABF00DA8D21 /* Demo Images */,
			);
			path = PhotoFrame;
			sourceTree = "<group>";
		};
/* End PBXGroup section */

/* Begin PBXNativeTarget section */
		6C20B2ED27B9EB990063F639 /* PhotoFrame */ = {
			isa = PBXNativeTarget;
			buildConfigurationList = 6C20B30227B9EB9A0063F639 /* Build configuration list for PBXNativeTarget "PhotoFrame" */;
			buildPhases = (
				6C20B2EA27B9EB990063F639 /* Sources */,
				6C20B2EB27B9EB990063F639 /* Frameworks */,
				6C20B2EC27B9EB990063F639 /* Resources */,
			);
			buildRules = (
			);
			dependencies = (
			);
			name = PhotoFrame;
			productName = PhotoFrame;
			productReference = 6C20B2EE27B9EB990063F639 /* PhotoFrame.app */;
			productType = "com.apple.product-type.application";
		};
/* End PBXNativeTarget section */

/* Begin PBXProject section */
		6C20B2E627B9EB990063F639 /* Project object */ = {
			isa = PBXProject;
			attributes = {
				BuildIndependentTargetsInParallel = 1;
				LastSwiftUpdateCheck = 1320;
				LastUpgradeCheck = 1320;
				TargetAttributes = {
					6C20B2ED27B9EB990063F639 = {
						CreatedOnToolsVersion = 13.2.1;
					};
				};
			};
			buildConfigurationList = 6C20B2E927B9EB990063F639 /* Build configuration list for PBXProject "PhotoFrame" */;
			compatibilityVersion = "Xcode 13.0";
			developmentRegion = en;
			hasScannedForEncodings = 0;
			knownRegions = (
				en,
				Base,
			);
			mainGroup = 6C20B2E527B9EB990063F639;
			productRefGroup = 6C20B2EF27B9EB990063F639 /* Products */;
			projectDirPath = "";
			projectRoot = "";
			targets = (
				6C20B2ED27B9EB990063F639 /* PhotoFrame */,
			);
		};
/* End PBXProject section */

/* Begin PBXResourcesBuildPhase section */
		6C20B2EC27B9EB990063F639 /* Resources */ = {
			isa = PBXResourcesBuildPhase;
			buildActionMask = 2147483647;
			files = (
				6C20B2FE27B9EB9A0063F639 /* LaunchScreen.storyboard in Resources */,
				6C20B2FB27B9EB9A0063F639 /* Assets.xcassets in Resources */,
				6C73FB2127BCCABF00DA8D21 /* Demo Images in Resources */,
				6C20B2F927B9EB990063F639 /* Main.storyboard in Resources */,
			);
			runOnlyForDeploymentPostprocessing = 0;
		};
/* End PBXResourcesBuildPhase section */

/* Begin PBXSourcesBuildPhase section */
		6C20B2EA27B9EB990063F639 /* Sources */ = {
			isa = PBXSourcesBuildPhase;
			buildActionMask = 2147483647;
			files = (
				6CF5FF7C27BB8ECF0002EEF6 /* TintViewController.swift in Sources */,
				6C20B2F627B9EB990063F639 /* ViewController.swift in Sources */,
				6CC3AA8F27BB4926003B3236 /* GreyViewController.swift in Sources */,
				6C20B2F227B9EB990063F639 /* AppDelegate.swift in Sources */,
				6C20B2F427B9EB990063F639 /* SceneDelegate.swift in Sources */,
			);
			runOnlyForDeploymentPostprocessing = 0;
		};
/* End PBXSourcesBuildPhase section */

/* Begin PBXVariantGroup section */
		6C20B2F727B9EB990063F639 /* Main.storyboard */ = {
			isa = PBXVariantGroup;
			children = (
				6C20B2F827B9EB990063F639 /* Base */,
			);
			name = Main.storyboard;
			sourceTree = "<group>";
		};
		6C20B2FC27B9EB9A0063F639 /* LaunchScreen.storyboard */ = {
			isa = PBXVariantGroup;
			children = (
				6C20B2FD27B9EB9A0063F639 /* Base */,
			);
			name = LaunchScreen.storyboard;
			sourceTree = "<group>";
		};
/* End PBXVariantGroup section */

/* Begin XCBuildConfiguration section */
		6C20B30027B9EB9A0063F639 /* Debug */ = {
			isa = XCBuildConfiguration;
			buildSettings = {
				ALWAYS_SEARCH_USER_PATHS = NO;
				CLANG_ANALYZER_NONNULL = YES;
				CLANG_ANALYZER_NUMBER_OBJECT_CONVERSION = YES_AGGRESSIVE;
				CLANG_CXX_LANGUAGE_STANDARD = "gnu++17";
				CLANG_CXX_LIBRARY = "libc++";
				CLANG_ENABLE_MODULES = YES;
				CLANG_ENABLE_OBJC_ARC = YES;
				CLANG_ENABLE_OBJC_WEAK = YES;
				CLANG_WARN_BLOCK_CAPTURE_AUTORELEASING = YES;
				CLANG_WARN_BOOL_CONVERSION = YES;
				CLANG_WARN_COMMA = YES;
				CLANG_WARN_CONSTANT_CONVERSION = YES;
				CLANG_WARN_DEPRECATED_OBJC_IMPLEMENTATIONS = YES;
				CLANG_WARN_DIRECT_OBJC_ISA_USAGE = YES_ERROR;
				CLANG_WARN_DOCUMENTATION_COMMENTS = YES;
				CLANG_WARN_EMPTY_BODY = YES;
				CLANG_WARN_ENUM_CONVERSION = YES;
				CLANG_WARN_INFINITE_RECURSION = YES;
				CLANG_WARN_INT_CONVERSION = YES;
				CLANG_WARN_NON_LITERAL_NULL_CONVERSION = YES;
				CLANG_WARN_OBJC_IMPLICIT_RETAIN_SELF = YES;
				CLANG_WARN_OBJC_LITERAL_CONVERSION = YES;
				CLANG_WARN_OBJC_ROOT_CLASS = YES_ERROR;
				CLANG_WARN_QUOTED_INCLUDE_IN_FRAMEWORK_HEADER = YES;
				CLANG_WARN_RANGE_LOOP_ANALYSIS = YES;
				CLANG_WARN_STRICT_PROTOTYPES = YES;
				CLANG_WARN_SUSPICIOUS_MOVE = YES;
				CLANG_WARN_UNGUARDED_AVAILABILITY = YES_AGGRESSIVE;
				CLANG_WARN_UNREACHABLE_CODE = YES;
				CLANG_WARN__DUPLICATE_METHOD_MATCH = YES;
				COPY_PHASE_STRIP = NO;
				DEBUG_INFORMATION_FORMAT = dwarf;
				ENABLE_STRICT_OBJC_MSGSEND = YES;
				ENABLE_TESTABILITY = YES;
				GCC_C_LANGUAGE_STANDARD = gnu11;
				GCC_DYNAMIC_NO_PIC = NO;
				GCC_NO_COMMON_BLOCKS = YES;
				GCC_OPTIMIZATION_LEVEL = 0;
				GCC_PREPROCESSOR_DEFINITIONS = (
					"DEBUG=1",
					"$(inherited)",
				);
				GCC_WARN_64_TO_32_BIT_CONVERSION = YES;
				GCC_WARN_ABOUT_RETURN_TYPE = YES_ERROR;
				GCC_WARN_UNDECLARED_SELECTOR = YES;
				GCC_WARN_UNINITIALIZED_AUTOS = YES_AGGRESSIVE;
				GCC_WARN_UNUSED_FUNCTION = YES;
				GCC_WARN_UNUSED_VARIABLE = YES;
				IPHONEOS_DEPLOYMENT_TARGET = 15.2;
				MTL_ENABLE_DEBUG_INFO = INCLUDE_SOURCE;
				MTL_FAST_MATH = YES;
				ONLY_ACTIVE_ARCH = YES;
				SDKROOT = iphoneos;
				SWIFT_ACTIVE_COMPILATION_CONDITIONS = DEBUG;
				SWIFT_OPTIMIZATION_LEVEL = "-Onone";
			};
			name = Debug;
		};
		6C20B30127B9EB9A0063F639 /* Release */ = {
			isa = XCBuildConfiguration;
			buildSettings = {
				ALWAYS_SEARCH_USER_PATHS = NO;
				CLANG_ANALYZER_NONNULL = YES;
				CLANG_ANALYZER_NUMBER_OBJECT_CONVERSION = YES_AGGRESSIVE;
				CLANG_CXX_LANGUAGE_STANDARD = "gnu++17";
				CLANG_CXX_LIBRARY = "libc++";
				CLANG_ENABLE_MODULES = YES;
				CLANG_ENABLE_OBJC_ARC = YES;
				CLANG_ENABLE_OBJC_WEAK = YES;
				CLANG_WARN_BLOCK_CAPTURE_AUTORELEASING = YES;
				CLANG_WARN_BOOL_CONVERSION = YES;
				CLANG_WARN_COMMA = YES;
				CLANG_WARN_CONSTANT_CONVERSION = YES;
				CLANG_WARN_DEPRECATED_OBJC_IMPLEMENTATIONS = YES;
				CLANG_WARN_DIRECT_OBJC_ISA_USAGE = YES_ERROR;
				CLANG_WARN_DOCUMENTATION_COMMENTS = YES;
				CLANG_WARN_EMPTY_BODY = YES;
				CLANG_WARN_ENUM_CONVERSION = YES;
				CLANG_WARN_INFINITE_RECURSION = YES;
				CLANG_WARN_INT_CONVERSION = YES;
				CLANG_WARN_NON_LITERAL_NULL_CONVERSION = YES;
				CLANG_WARN_OBJC_IMPLICIT_RETAIN_SELF = YES;
				CLANG_WARN_OBJC_LITERAL_CONVERSION = YES;
				CLANG_WARN_OBJC_ROOT_CLASS = YES_ERROR;
				CLANG_WARN_QUOTED_INCLUDE_IN_FRAMEWORK_HEADER = YES;
				CLANG_WARN_RANGE_LOOP_ANALYSIS = YES;
				CLANG_WARN_STRICT_PROTOTYPES = YES;
				CLANG_WARN_SUSPICIOUS_MOVE = YES;
				CLANG_WARN_UNGUARDED_AVAILABILITY = YES_AGGRESSIVE;
				CLANG_WARN_UNREACHABLE_CODE = YES;
				CLANG_WARN__DUPLICATE_METHOD_MATCH = YES;
				COPY_PHASE_STRIP = NO;
				DEBUG_INFORMATION_FORMAT = "dwarf-with-dsym";
				ENABLE_NS_ASSERTIONS = NO;
				ENABLE_STRICT_OBJC_MSGSEND = YES;
				GCC_C_LANGUAGE_STANDARD = gnu11;
				GCC_NO_COMMON_BLOCKS = YES;
				GCC_WARN_64_TO_32_BIT_CONVERSION = YES;
				GCC_WARN_ABOUT_RETURN_TYPE = YES_ERROR;
				GCC_WARN_UNDECLARED_SELECTOR = YES;
				GCC_WARN_UNINITIALIZED_AUTOS = YES_AGGRESSIVE;
				GCC_WARN_UNUSED_FUNCTION = YES;
				GCC_WARN_UNUSED_VARIABLE = YES;
				IPHONEOS_DEPLOYMENT_TARGET = 15.2;
				MTL_ENABLE_DEBUG_INFO = NO;
				MTL_FAST_MATH = YES;
				SDKROOT = iphoneos;
				SWIFT_COMPILATION_MODE = wholemodule;
				SWIFT_OPTIMIZATION_LEVEL = "-O";
				VALIDATE_PRODUCT = YES;
			};
			name = Release;
		};
		6C20B30327B9EB9A0063F639 /* Debug */ = {
			isa = XCBuildConfiguration;
			buildSettings = {
				ASSETCATALOG_COMPILER_APPICON_NAME = AppIcon;
				ASSETCATALOG_COMPILER_GLOBAL_ACCENT_COLOR_NAME = AccentColor;
				CODE_SIGN_STYLE = Automatic;
				CURRENT_PROJECT_VERSION = 1;
				DEVELOPMENT_TEAM = 8ZQU3Y88G8;
				GENERATE_INFOPLIST_FILE = YES;
				INFOPLIST_FILE = PhotoFrame/Info.plist;
				INFOPLIST_KEY_UIApplicationSupportsIndirectInputEvents = YES;
				INFOPLIST_KEY_UILaunchStoryboardName = LaunchScreen;
				INFOPLIST_KEY_UIMainStoryboardFile = Main;
				INFOPLIST_KEY_UISupportedInterfaceOrientations_iPad = "UIInterfaceOrientationPortrait UIInterfaceOrientationPortraitUpsideDown UIInterfaceOrientationLandscapeLeft UIInterfaceOrientationLandscapeRight";
				INFOPLIST_KEY_UISupportedInterfaceOrientations_iPhone = "UIInterfaceOrientationPortrait UIInterfaceOrientationLandscapeLeft UIInterfaceOrientationLandscapeRight";
				LD_RUNPATH_SEARCH_PATHS = (
					"$(inherited)",
					"@executable_path/Frameworks",
				);
				MARKETING_VERSION = 1.0;
				PRODUCT_BUNDLE_IDENTIFIER = dale.PhotoFrame;
				PRODUCT_NAME = "$(TARGET_NAME)";
				SWIFT_EMIT_LOC_STRINGS = YES;
				SWIFT_VERSION = 5.0;
				TARGETED_DEVICE_FAMILY = "1,2";
			};
			name = Debug;
		};
		6C20B30427B9EB9A0063F639 /* Release */ = {
			isa = XCBuildConfiguration;
			buildSettings = {
				ASSETCATALOG_COMPILER_APPICON_NAME = AppIcon;
				ASSETCATALOG_COMPILER_GLOBAL_ACCENT_COLOR_NAME = AccentColor;
				CODE_SIGN_STYLE = Automatic;
				CURRENT_PROJECT_VERSION = 1;
				DEVELOPMENT_TEAM = 8ZQU3Y88G8;
				GENERATE_INFOPLIST_FILE = YES;
				INFOPLIST_FILE = PhotoFrame/Info.plist;
				INFOPLIST_KEY_UIApplicationSupportsIndirectInputEvents = YES;
				INFOPLIST_KEY_UILaunchStoryboardName = LaunchScreen;
				INFOPLIST_KEY_UIMainStoryboardFile = Main;
				INFOPLIST_KEY_UISupportedInterfaceOrientations_iPad = "UIInterfaceOrientationPortrait UIInterfaceOrientationPortraitUpsideDown UIInterfaceOrientationLandscapeLeft UIInterfaceOrientationLandscapeRight";
				INFOPLIST_KEY_UISupportedInterfaceOrientations_iPhone = "UIInterfaceOrientationPortrait UIInterfaceOrientationLandscapeLeft UIInterfaceOrientationLandscapeRight";
				LD_RUNPATH_SEARCH_PATHS = (
					"$(inherited)",
					"@executable_path/Frameworks",
				);
				MARKETING_VERSION = 1.0;
				PRODUCT_BUNDLE_IDENTIFIER = dale.PhotoFrame;
				PRODUCT_NAME = "$(TARGET_NAME)";
				SWIFT_EMIT_LOC_STRINGS = YES;
				SWIFT_VERSION = 5.0;
				TARGETED_DEVICE_FAMILY = "1,2";
			};
			name = Release;
		};
/* End XCBuildConfiguration section */

/* Begin XCConfigurationList section */
		6C20B2E927B9EB990063F639 /* Build configuration list for PBXProject "PhotoFrame" */ = {
			isa = XCConfigurationList;
			buildConfigurations = (
				6C20B30027B9EB9A0063F639 /* Debug */,
				6C20B30127B9EB9A0063F639 /* Release */,
			);
			defaultConfigurationIsVisible = 0;
			defaultConfigurationName = Release;
		};
		6C20B30227B9EB9A0063F639 /* Build configuration list for PBXNativeTarget "PhotoFrame" */ = {
			isa = XCConfigurationList;
			buildConfigurations = (
				6C20B30327B9EB9A0063F639 /* Debug */,
				6C20B30427B9EB9A0063F639 /* Release */,
			);
			defaultConfigurationIsVisible = 0;
			defaultConfigurationName = Release;
		};
/* End XCConfigurationList section */
	};
	rootObject = 6C20B2E627B9EB990063F639 /* Project object */;
}
